// !$*UTF8*$!
{
	archiveVersion = 1;
	classes = {
	};
	objectVersion = 48;
	objects = {

/* Begin PBXBuildFile section */
		9FABF6511FCC1006000C80A7 /* AppDelegate.swift in Sources */ = {isa = PBXBuildFile; fileRef = 9FABF6501FCC1006000C80A7 /* AppDelegate.swift */; };
		9FABF6531FCC1006000C80A7 /* MenuViewController.swift in Sources */ = {isa = PBXBuildFile; fileRef = 9FABF6521FCC1006000C80A7 /* MenuViewController.swift */; };
		9FABF6561FCC1006000C80A7 /* Main.storyboard in Resources */ = {isa = PBXBuildFile; fileRef = 9FABF6541FCC1006000C80A7 /* Main.storyboard */; };
		9FABF6581FCC1006000C80A7 /* Assets.xcassets in Resources */ = {isa = PBXBuildFile; fileRef = 9FABF6571FCC1006000C80A7 /* Assets.xcassets */; };
		9FABF65B1FCC1006000C80A7 /* LaunchScreen.storyboard in Resources */ = {isa = PBXBuildFile; fileRef = 9FABF6591FCC1006000C80A7 /* LaunchScreen.storyboard */; };
		9FDC05A11FCC1CF400682487 /* TextItem.swift in Sources */ = {isa = PBXBuildFile; fileRef = 9FDC059D1FCC1CF300682487 /* TextItem.swift */; };
		9FDC05A21FCC1CF400682487 /* TextItemView.swift in Sources */ = {isa = PBXBuildFile; fileRef = 9FDC059E1FCC1CF300682487 /* TextItemView.swift */; };
		9FDC05A41FCC1CF400682487 /* TextItemView.xib in Resources */ = {isa = PBXBuildFile; fileRef = 9FDC05A01FCC1CF400682487 /* TextItemView.xib */; };
		9FDC05A61FCC1EAB00682487 /* Item.swift in Sources */ = {isa = PBXBuildFile; fileRef = 9FDC05A51FCC1EAB00682487 /* Item.swift */; };
		9FDC05A91FCC226F00682487 /* ChatViewController.swift in Sources */ = {isa = PBXBuildFile; fileRef = 9FDC05A71FCC226F00682487 /* ChatViewController.swift */; };
		9FDC05AA1FCC226F00682487 /* ChatViewController.xib in Resources */ = {isa = PBXBuildFile; fileRef = 9FDC05A81FCC226F00682487 /* ChatViewController.xib */; };
		9FDC05AF1FCC28B400682487 /* UIView+NibFile.swift in Sources */ = {isa = PBXBuildFile; fileRef = 9FDC05AC1FCC28B400682487 /* UIView+NibFile.swift */; };
		9FDC05B01FCC28B400682487 /* UIView+Embed.swift in Sources */ = {isa = PBXBuildFile; fileRef = 9FDC05AD1FCC28B400682487 /* UIView+Embed.swift */; };
		9FDC05B11FCC28B400682487 /* TableViewCellTemplate.swift in Sources */ = {isa = PBXBuildFile; fileRef = 9FDC05AE1FCC28B400682487 /* TableViewCellTemplate.swift */; };
		9FDC05B51FCC4F0300682487 /* ImageItemView.swift in Sources */ = {isa = PBXBuildFile; fileRef = 9FDC05B21FCC4F0200682487 /* ImageItemView.swift */; };
		9FDC05B61FCC4F0300682487 /* ImageItemView.xib in Resources */ = {isa = PBXBuildFile; fileRef = 9FDC05B31FCC4F0300682487 /* ImageItemView.xib */; };
		9FDC05B71FCC4F0300682487 /* ImageItem.swift in Sources */ = {isa = PBXBuildFile; fileRef = 9FDC05B41FCC4F0300682487 /* ImageItem.swift */; };
		9FDC05BA1FCC618600682487 /* SendView.xib in Resources */ = {isa = PBXBuildFile; fileRef = 9FDC05B81FCC618600682487 /* SendView.xib */; };
		9FDC05BD1FCC623E00682487 /* SendView.swift in Sources */ = {isa = PBXBuildFile; fileRef = 9FDC05BC1FCC623D00682487 /* SendView.swift */; };
		9FDC05BF1FCC69A500682487 /* Keyboard.swift in Sources */ = {isa = PBXBuildFile; fileRef = 9FDC05BE1FCC69A400682487 /* Keyboard.swift */; };
/* End PBXBuildFile section */

/* Begin PBXFileReference section */
		9FABF64D1FCC1006000C80A7 /* ChatOffsets.app */ = {isa = PBXFileReference; explicitFileType = wrapper.application; includeInIndex = 0; path = ChatOffsets.app; sourceTree = BUILT_PRODUCTS_DIR; };
		9FABF6501FCC1006000C80A7 /* AppDelegate.swift */ = {isa = PBXFileReference; lastKnownFileType = sourcecode.swift; path = AppDelegate.swift; sourceTree = "<group>"; };
		9FABF6521FCC1006000C80A7 /* MenuViewController.swift */ = {isa = PBXFileReference; lastKnownFileType = sourcecode.swift; path = MenuViewController.swift; sourceTree = "<group>"; };
		9FABF6551FCC1006000C80A7 /* Base */ = {isa = PBXFileReference; lastKnownFileType = file.storyboard; name = Base; path = Base.lproj/Main.storyboard; sourceTree = "<group>"; };
		9FABF6571FCC1006000C80A7 /* Assets.xcassets */ = {isa = PBXFileReference; lastKnownFileType = folder.assetcatalog; path = Assets.xcassets; sourceTree = "<group>"; };
		9FABF65A1FCC1006000C80A7 /* Base */ = {isa = PBXFileReference; lastKnownFileType = file.storyboard; name = Base; path = Base.lproj/LaunchScreen.storyboard; sourceTree = "<group>"; };
		9FABF65C1FCC1006000C80A7 /* Info.plist */ = {isa = PBXFileReference; lastKnownFileType = text.plist.xml; path = Info.plist; sourceTree = "<group>"; };
		9FDC059D1FCC1CF300682487 /* TextItem.swift */ = {isa = PBXFileReference; fileEncoding = 4; lastKnownFileType = sourcecode.swift; path = TextItem.swift; sourceTree = "<group>"; };
		9FDC059E1FCC1CF300682487 /* TextItemView.swift */ = {isa = PBXFileReference; fileEncoding = 4; lastKnownFileType = sourcecode.swift; path = TextItemView.swift; sourceTree = "<group>"; };
		9FDC05A01FCC1CF400682487 /* TextItemView.xib */ = {isa = PBXFileReference; fileEncoding = 4; lastKnownFileType = file.xib; path = TextItemView.xib; sourceTree = "<group>"; };
		9FDC05A51FCC1EAB00682487 /* Item.swift */ = {isa = PBXFileReference; fileEncoding = 4; lastKnownFileType = sourcecode.swift; path = Item.swift; sourceTree = "<group>"; };
		9FDC05A71FCC226F00682487 /* ChatViewController.swift */ = {isa = PBXFileReference; fileEncoding = 4; lastKnownFileType = sourcecode.swift; path = ChatViewController.swift; sourceTree = "<group>"; };
		9FDC05A81FCC226F00682487 /* ChatViewController.xib */ = {isa = PBXFileReference; fileEncoding = 4; lastKnownFileType = file.xib; path = ChatViewController.xib; sourceTree = "<group>"; };
		9FDC05AC1FCC28B400682487 /* UIView+NibFile.swift */ = {isa = PBXFileReference; fileEncoding = 4; lastKnownFileType = sourcecode.swift; path = "UIView+NibFile.swift"; sourceTree = "<group>"; };
		9FDC05AD1FCC28B400682487 /* UIView+Embed.swift */ = {isa = PBXFileReference; fileEncoding = 4; lastKnownFileType = sourcecode.swift; path = "UIView+Embed.swift"; sourceTree = "<group>"; };
		9FDC05AE1FCC28B400682487 /* TableViewCellTemplate.swift */ = {isa = PBXFileReference; fileEncoding = 4; lastKnownFileType = sourcecode.swift; path = TableViewCellTemplate.swift; sourceTree = "<group>"; };
		9FDC05B21FCC4F0200682487 /* ImageItemView.swift */ = {isa = PBXFileReference; fileEncoding = 4; lastKnownFileType = sourcecode.swift; path = ImageItemView.swift; sourceTree = "<group>"; };
		9FDC05B31FCC4F0300682487 /* ImageItemView.xib */ = {isa = PBXFileReference; fileEncoding = 4; lastKnownFileType = file.xib; path = ImageItemView.xib; sourceTree = "<group>"; };
		9FDC05B41FCC4F0300682487 /* ImageItem.swift */ = {isa = PBXFileReference; fileEncoding = 4; lastKnownFileType = sourcecode.swift; path = ImageItem.swift; sourceTree = "<group>"; };
		9FDC05B81FCC618600682487 /* SendView.xib */ = {isa = PBXFileReference; fileEncoding = 4; lastKnownFileType = file.xib; path = SendView.xib; sourceTree = "<group>"; };
		9FDC05BC1FCC623D00682487 /* SendView.swift */ = {isa = PBXFileReference; fileEncoding = 4; lastKnownFileType = sourcecode.swift; path = SendView.swift; sourceTree = "<group>"; };
		9FDC05BE1FCC69A400682487 /* Keyboard.swift */ = {isa = PBXFileReference; fileEncoding = 4; lastKnownFileType = sourcecode.swift; path = Keyboard.swift; sourceTree = "<group>"; };
/* End PBXFileReference section */

/* Begin PBXFrameworksBuildPhase section */
		9FABF64A1FCC1006000C80A7 /* Frameworks */ = {
			isa = PBXFrameworksBuildPhase;
			buildActionMask = 2147483647;
			files = (
			);
			runOnlyForDeploymentPostprocessing = 0;
		};
/* End PBXFrameworksBuildPhase section */

/* Begin PBXGroup section */
		9FABF6441FCC1006000C80A7 = {
			isa = PBXGroup;
			children = (
				9FDC05AB1FCC26A600682487 /* External */,
				9FABF64F1FCC1006000C80A7 /* ChatOffsets */,
				9FABF64E1FCC1006000C80A7 /* Products */,
			);
			sourceTree = "<group>";
		};
		9FABF64E1FCC1006000C80A7 /* Products */ = {
			isa = PBXGroup;
			children = (
				9FABF64D1FCC1006000C80A7 /* ChatOffsets.app */,
			);
			name = Products;
			sourceTree = "<group>";
		};
		9FABF64F1FCC1006000C80A7 /* ChatOffsets */ = {
			isa = PBXGroup;
			children = (
				9FABF6501FCC1006000C80A7 /* AppDelegate.swift */,
				9FDC05A81FCC226F00682487 /* ChatViewController.xib */,
				9FDC05A71FCC226F00682487 /* ChatViewController.swift */,
				9FABF6541FCC1006000C80A7 /* Main.storyboard */,
				9FABF6521FCC1006000C80A7 /* MenuViewController.swift */,
				9FDC05A51FCC1EAB00682487 /* Item.swift */,
				9FDC05B41FCC4F0300682487 /* ImageItem.swift */,
				9FDC05B21FCC4F0200682487 /* ImageItemView.swift */,
				9FDC05B31FCC4F0300682487 /* ImageItemView.xib */,
				9FDC059D1FCC1CF300682487 /* TextItem.swift */,
				9FDC059E1FCC1CF300682487 /* TextItemView.swift */,
				9FDC05A01FCC1CF400682487 /* TextItemView.xib */,
				9FDC05BC1FCC623D00682487 /* SendView.swift */,
				9FDC05B81FCC618600682487 /* SendView.xib */,
				9FABF6571FCC1006000C80A7 /* Assets.xcassets */,
				9FABF6591FCC1006000C80A7 /* LaunchScreen.storyboard */,
				9FABF65C1FCC1006000C80A7 /* Info.plist */,
			);
			path = ChatOffsets;
			sourceTree = "<group>";
		};
		9FDC05AB1FCC26A600682487 /* External */ = {
			isa = PBXGroup;
			children = (
				9FDC05BE1FCC69A400682487 /* Keyboard.swift */,
				9FDC05AE1FCC28B400682487 /* TableViewCellTemplate.swift */,
				9FDC05AD1FCC28B400682487 /* UIView+Embed.swift */,
				9FDC05AC1FCC28B400682487 /* UIView+NibFile.swift */,
			);
			path = External;
			sourceTree = "<group>";
		};
/* End PBXGroup section */

/* Begin PBXNativeTarget section */
		9FABF64C1FCC1006000C80A7 /* ChatOffsets */ = {
			isa = PBXNativeTarget;
			buildConfigurationList = 9FABF65F1FCC1006000C80A7 /* Build configuration list for PBXNativeTarget "ChatOffsets" */;
			buildPhases = (
				9FABF6491FCC1006000C80A7 /* Sources */,
				9FABF64A1FCC1006000C80A7 /* Frameworks */,
				9FABF64B1FCC1006000C80A7 /* Resources */,
			);
			buildRules = (
			);
			dependencies = (
			);
			name = ChatOffsets;
			productName = ChatOffsets;
			productReference = 9FABF64D1FCC1006000C80A7 /* ChatOffsets.app */;
			productType = "com.apple.product-type.application";
		};
/* End PBXNativeTarget section */

/* Begin PBXProject section */
		9FABF6451FCC1006000C80A7 /* Project object */ = {
			isa = PBXProject;
			attributes = {
				LastSwiftUpdateCheck = 0900;
				LastUpgradeCheck = 0900;
				ORGANIZATIONNAME = Home;
				TargetAttributes = {
					9FABF64C1FCC1006000C80A7 = {
						CreatedOnToolsVersion = 9.0;
						ProvisioningStyle = Automatic;
					};
				};
			};
			buildConfigurationList = 9FABF6481FCC1006000C80A7 /* Build configuration list for PBXProject "ChatOffsets" */;
			compatibilityVersion = "Xcode 8.0";
			developmentRegion = en;
			hasScannedForEncodings = 0;
			knownRegions = (
				en,
				Base,
			);
			mainGroup = 9FABF6441FCC1006000C80A7;
			productRefGroup = 9FABF64E1FCC1006000C80A7 /* Products */;
			projectDirPath = "";
			projectRoot = "";
			targets = (
				9FABF64C1FCC1006000C80A7 /* ChatOffsets */,
			);
		};
/* End PBXProject section */

/* Begin PBXResourcesBuildPhase section */
		9FABF64B1FCC1006000C80A7 /* Resources */ = {
			isa = PBXResourcesBuildPhase;
			buildActionMask = 2147483647;
			files = (
				9FDC05BA1FCC618600682487 /* SendView.xib in Resources */,
				9FDC05A41FCC1CF400682487 /* TextItemView.xib in Resources */,
				9FABF65B1FCC1006000C80A7 /* LaunchScreen.storyboard in Resources */,
				9FABF6581FCC1006000C80A7 /* Assets.xcassets in Resources */,
				9FDC05AA1FCC226F00682487 /* ChatViewController.xib in Resources */,
				9FABF6561FCC1006000C80A7 /* Main.storyboard in Resources */,
				9FDC05B61FCC4F0300682487 /* ImageItemView.xib in Resources */,
			);
			runOnlyForDeploymentPostprocessing = 0;
		};
/* End PBXResourcesBuildPhase section */

/* Begin PBXSourcesBuildPhase section */
		9FABF6491FCC1006000C80A7 /* Sources */ = {
			isa = PBXSourcesBuildPhase;
			buildActionMask = 2147483647;
			files = (
				9FDC05A61FCC1EAB00682487 /* Item.swift in Sources */,
				9FDC05B11FCC28B400682487 /* TableViewCellTemplate.swift in Sources */,
				9FDC05BD1FCC623E00682487 /* SendView.swift in Sources */,
				9FDC05AF1FCC28B400682487 /* UIView+NibFile.swift in Sources */,
				9FDC05A21FCC1CF400682487 /* TextItemView.swift in Sources */,
				9FDC05BF1FCC69A500682487 /* Keyboard.swift in Sources */,
				9FABF6531FCC1006000C80A7 /* MenuViewController.swift in Sources */,
				9FDC05A11FCC1CF400682487 /* TextItem.swift in Sources */,
				9FDC05B71FCC4F0300682487 /* ImageItem.swift in Sources */,
				9FDC05A91FCC226F00682487 /* ChatViewController.swift in Sources */,
				9FDC05B01FCC28B400682487 /* UIView+Embed.swift in Sources */,
				9FABF6511FCC1006000C80A7 /* AppDelegate.swift in Sources */,
				9FDC05B51FCC4F0300682487 /* ImageItemView.swift in Sources */,
			);
			runOnlyForDeploymentPostprocessing = 0;
		};
/* End PBXSourcesBuildPhase section */

/* Begin PBXVariantGroup section */
		9FABF6541FCC1006000C80A7 /* Main.storyboard */ = {
			isa = PBXVariantGroup;
			children = (
				9FABF6551FCC1006000C80A7 /* Base */,
			);
			name = Main.storyboard;
			sourceTree = "<group>";
		};
		9FABF6591FCC1006000C80A7 /* LaunchScreen.storyboard */ = {
			isa = PBXVariantGroup;
			children = (
				9FABF65A1FCC1006000C80A7 /* Base */,
			);
			name = LaunchScreen.storyboard;
			sourceTree = "<group>";
		};
/* End PBXVariantGroup section */

/* Begin XCBuildConfiguration section */
		9FABF65D1FCC1006000C80A7 /* Debug */ = {
			isa = XCBuildConfiguration;
			buildSettings = {
				ALWAYS_SEARCH_USER_PATHS = NO;
				CLANG_ANALYZER_NONNULL = YES;
				CLANG_ANALYZER_NUMBER_OBJECT_CONVERSION = YES_AGGRESSIVE;
				CLANG_CXX_LANGUAGE_STANDARD = "gnu++14";
				CLANG_CXX_LIBRARY = "libc++";
				CLANG_ENABLE_MODULES = YES;
				CLANG_ENABLE_OBJC_ARC = YES;
				CLANG_WARN_BLOCK_CAPTURE_AUTORELEASING = YES;
				CLANG_WARN_BOOL_CONVERSION = YES;
				CLANG_WARN_COMMA = YES;
				CLANG_WARN_CONSTANT_CONVERSION = YES;
				CLANG_WARN_DIRECT_OBJC_ISA_USAGE = YES_ERROR;
				CLANG_WARN_DOCUMENTATION_COMMENTS = YES;
				CLANG_WARN_EMPTY_BODY = YES;
				CLANG_WARN_ENUM_CONVERSION = YES;
				CLANG_WARN_INFINITE_RECURSION = YES;
				CLANG_WARN_INT_CONVERSION = YES;
				CLANG_WARN_NON_LITERAL_NULL_CONVERSION = YES;
				CLANG_WARN_OBJC_LITERAL_CONVERSION = YES;
				CLANG_WARN_OBJC_ROOT_CLASS = YES_ERROR;
				CLANG_WARN_RANGE_LOOP_ANALYSIS = YES;
				CLANG_WARN_STRICT_PROTOTYPES = YES;
				CLANG_WARN_SUSPICIOUS_MOVE = YES;
				CLANG_WARN_UNGUARDED_AVAILABILITY = YES_AGGRESSIVE;
				CLANG_WARN_UNREACHABLE_CODE = YES;
				CLANG_WARN__DUPLICATE_METHOD_MATCH = YES;
				CODE_SIGN_IDENTITY = "iPhone Developer";
				COPY_PHASE_STRIP = NO;
				DEBUG_INFORMATION_FORMAT = dwarf;
				ENABLE_STRICT_OBJC_MSGSEND = YES;
				ENABLE_TESTABILITY = YES;
				GCC_C_LANGUAGE_STANDARD = gnu11;
				GCC_DYNAMIC_NO_PIC = NO;
				GCC_NO_COMMON_BLOCKS = YES;
				GCC_OPTIMIZATION_LEVEL = 0;
				GCC_PREPROCESSOR_DEFINITIONS = (
					"DEBUG=1",
					"$(inherited)",
				);
				GCC_WARN_64_TO_32_BIT_CONVERSION = YES;
				GCC_WARN_ABOUT_RETURN_TYPE = YES_ERROR;
				GCC_WARN_UNDECLARED_SELECTOR = YES;
				GCC_WARN_UNINITIALIZED_AUTOS = YES_AGGRESSIVE;
				GCC_WARN_UNUSED_FUNCTION = YES;
				GCC_WARN_UNUSED_VARIABLE = YES;
				IPHONEOS_DEPLOYMENT_TARGET = 11.0;
				MTL_ENABLE_DEBUG_INFO = YES;
				ONLY_ACTIVE_ARCH = YES;
				SDKROOT = iphoneos;
				SWIFT_ACTIVE_COMPILATION_CONDITIONS = DEBUG;
				SWIFT_OPTIMIZATION_LEVEL = "-Onone";
			};
			name = Debug;
		};
		9FABF65E1FCC1006000C80A7 /* Release */ = {
			isa = XCBuildConfiguration;
			buildSettings = {
				ALWAYS_SEARCH_USER_PATHS = NO;
				CLANG_ANALYZER_NONNULL = YES;
				CLANG_ANALYZER_NUMBER_OBJECT_CONVERSION = YES_AGGRESSIVE;
				CLANG_CXX_LANGUAGE_STANDARD = "gnu++14";
				CLANG_CXX_LIBRARY = "libc++";
				CLANG_ENABLE_MODULES = YES;
				CLANG_ENABLE_OBJC_ARC = YES;
				CLANG_WARN_BLOCK_CAPTURE_AUTORELEASING = YES;
				CLANG_WARN_BOOL_CONVERSION = YES;
				CLANG_WARN_COMMA = YES;
				CLANG_WARN_CONSTANT_CONVERSION = YES;
				CLANG_WARN_DIRECT_OBJC_ISA_USAGE = YES_ERROR;
				CLANG_WARN_DOCUMENTATION_COMMENTS = YES;
				CLANG_WARN_EMPTY_BODY = YES;
				CLANG_WARN_ENUM_CONVERSION = YES;
				CLANG_WARN_INFINITE_RECURSION = YES;
				CLANG_WARN_INT_CONVERSION = YES;
				CLANG_WARN_NON_LITERAL_NULL_CONVERSION = YES;
				CLANG_WARN_OBJC_LITERAL_CONVERSION = YES;
				CLANG_WARN_OBJC_ROOT_CLASS = YES_ERROR;
				CLANG_WARN_RANGE_LOOP_ANALYSIS = YES;
				CLANG_WARN_STRICT_PROTOTYPES = YES;
				CLANG_WARN_SUSPICIOUS_MOVE = YES;
				CLANG_WARN_UNGUARDED_AVAILABILITY = YES_AGGRESSIVE;
				CLANG_WARN_UNREACHABLE_CODE = YES;
				CLANG_WARN__DUPLICATE_METHOD_MATCH = YES;
				CODE_SIGN_IDENTITY = "iPhone Developer";
				COPY_PHASE_STRIP = NO;
				DEBUG_INFORMATION_FORMAT = "dwarf-with-dsym";
				ENABLE_NS_ASSERTIONS = NO;
				ENABLE_STRICT_OBJC_MSGSEND = YES;
				GCC_C_LANGUAGE_STANDARD = gnu11;
				GCC_NO_COMMON_BLOCKS = YES;
				GCC_WARN_64_TO_32_BIT_CONVERSION = YES;
				GCC_WARN_ABOUT_RETURN_TYPE = YES_ERROR;
				GCC_WARN_UNDECLARED_SELECTOR = YES;
				GCC_WARN_UNINITIALIZED_AUTOS = YES_AGGRESSIVE;
				GCC_WARN_UNUSED_FUNCTION = YES;
				GCC_WARN_UNUSED_VARIABLE = YES;
				IPHONEOS_DEPLOYMENT_TARGET = 11.0;
				MTL_ENABLE_DEBUG_INFO = NO;
				SDKROOT = iphoneos;
				SWIFT_OPTIMIZATION_LEVEL = "-Owholemodule";
				VALIDATE_PRODUCT = YES;
			};
			name = Release;
		};
		9FABF6601FCC1006000C80A7 /* Debug */ = {
			isa = XCBuildConfiguration;
			buildSettings = {
				ASSETCATALOG_COMPILER_APPICON_NAME = AppIcon;
				CODE_SIGN_STYLE = Automatic;
				DEVELOPMENT_TEAM = 8379YHJ3XA;
				INFOPLIST_FILE = ChatOffsets/Info.plist;
				IPHONEOS_DEPLOYMENT_TARGET = 10.0;
				LD_RUNPATH_SEARCH_PATHS = "$(inherited) @executable_path/Frameworks";
				OTHER_SWIFT_FLAGS = "";
				PRODUCT_BUNDLE_IDENTIFIER = su.kornerr.ChatOffsets;
				PRODUCT_NAME = "$(TARGET_NAME)";
				SWIFT_VERSION = 4.0;
				TARGETED_DEVICE_FAMILY = "1,2";
			};
			name = Debug;
		};
		9FABF6611FCC1006000C80A7 /* Release */ = {
			isa = XCBuildConfiguration;
			buildSettings = {
				ASSETCATALOG_COMPILER_APPICON_NAME = AppIcon;
				CODE_SIGN_STYLE = Automatic;
				DEVELOPMENT_TEAM = 8379YHJ3XA;
				INFOPLIST_FILE = ChatOffsets/Info.plist;
				IPHONEOS_DEPLOYMENT_TARGET = 10.0;
				LD_RUNPATH_SEARCH_PATHS = "$(inherited) @executable_path/Frameworks";
				OTHER_SWIFT_FLAGS = "";
				PRODUCT_BUNDLE_IDENTIFIER = su.kornerr.ChatOffsets;
				PRODUCT_NAME = "$(TARGET_NAME)";
				SWIFT_VERSION = 4.0;
				TARGETED_DEVICE_FAMILY = "1,2";
			};
			name = Release;
		};
/* End XCBuildConfiguration section */

/* Begin XCConfigurationList section */
		9FABF6481FCC1006000C80A7 /* Build configuration list for PBXProject "ChatOffsets" */ = {
			isa = XCConfigurationList;
			buildConfigurations = (
				9FABF65D1FCC1006000C80A7 /* Debug */,
				9FABF65E1FCC1006000C80A7 /* Release */,
			);
			defaultConfigurationIsVisible = 0;
			defaultConfigurationName = Release;
		};
		9FABF65F1FCC1006000C80A7 /* Build configuration list for PBXNativeTarget "ChatOffsets" */ = {
			isa = XCConfigurationList;
			buildConfigurations = (
				9FABF6601FCC1006000C80A7 /* Debug */,
				9FABF6611FCC1006000C80A7 /* Release */,
			);
			defaultConfigurationIsVisible = 0;
			defaultConfigurationName = Release;
		};
/* End XCConfigurationList section */
	};
	rootObject = 9FABF6451FCC1006000C80A7 /* Project object */;
}
